
Microsoft Visual Studio Solution File, Format Version 12.00
# Visual Studio Version 17
VisualStudioVersion = 17.12.35527.113
MinimumVisualStudioVersion = 10.0.40219.1
Project("{2150E333-8FDC-42A3-9474-1A3956D46DE8}") = "src", "src", "{827E0CD3-B72D-47B6-A68D-7590B98EB39B}"
EndProject
Project("{FAE04EC0-301F-11D3-BF4B-00C04F79EFBC}") = "SchoolManagement.API", "src\SchoolManagement.API\SchoolManagement.API.csproj", "{0F8AFE42-DE24-41DD-897E-F800532A223C}"
EndProject
Project("{FAE04EC0-301F-11D3-BF4B-00C04F79EFBC}") = "SchoolManagement.Shared", "src\SchoolManagement.Shared\SchoolManagement.Shared.csproj", "{CE4B10C9-412B-434B-92AF-8C44A254074C}"
EndProject
Project("{2150E333-8FDC-42A3-9474-1A3956D46DE8}") = "Modules", "Modules", "{EC447DCF-ABFA-6E24-52A5-D7FD48A5C558}"
EndProject
Project("{2150E333-8FDC-42A3-9474-1A3956D46DE8}") = "Identity", "Identity", "{0EC62A1A-9858-3A60-8A0C-FC9AACFA2EC7}"
EndProject
Project("{FAE04EC0-301F-11D3-BF4B-00C04F79EFBC}") = "SchoolManagement.Identity.Domain", "src\Modules\Identity\SchoolManagement.Identity.Domain\SchoolManagement.Identity.Domain.csproj", "{D80F70E9-5077-4FF2-8EFB-2C92E8F05880}"
EndProject
Project("{FAE04EC0-301F-11D3-BF4B-00C04F79EFBC}") = "SchoolManagement.Identity.Application", "src\Modules\Identity\SchoolManagement.Identity.Application\SchoolManagement.Identity.Application.csproj", "{8D2DA206-637A-4211-978D-03FA714508D5}"
EndProject
Project("{FAE04EC0-301F-11D3-BF4B-00C04F79EFBC}") = "SchoolManagement.Identity.Infrastructure", "src\Modules\Identity\SchoolManagement.Identity.Infrastructure\SchoolManagement.Identity.Infrastructure.csproj", "{D397BAF5-FA3D-496D-9397-D3F2825E3221}"
EndProject
Project("{FAE04EC0-301F-11D3-BF4B-00C04F79EFBC}") = "SchoolManagement.Identity.API", "src\Modules\Identity\SchoolManagement.Identity.API\SchoolManagement.Identity.API.csproj", "{82F1464C-5A12-4800-A036-2DFFD3D8074E}"
EndProject
Project("{2150E333-8FDC-42A3-9474-1A3956D46DE8}") = "Scheduling", "Scheduling", "{F0F0C51C-F6A5-8ED5-E07B-23BB77F4B418}"
EndProject
Project("{FAE04EC0-301F-11D3-BF4B-00C04F79EFBC}") = "SchoolManagement.Scheduling.Domain", "src\Modules\Scheduling\SchoolManagement.Scheduling.Domain\SchoolManagement.Scheduling.Domain.csproj", "{EFC5DC87-A0D2-45B8-AA53-460AD5445CD3}"
EndProject
Project("{FAE04EC0-301F-11D3-BF4B-00C04F79EFBC}") = "SchoolManagement.Scheduling.Application", "src\Modules\Scheduling\SchoolManagement.Scheduling.Application\SchoolManagement.Scheduling.Application.csproj", "{D8099B91-67D0-4D55-B9FD-441AFC91A73A}"
EndProject
Project("{FAE04EC0-301F-11D3-BF4B-00C04F79EFBC}") = "SchoolManagement.Scheduling.Infrastructure", "src\Modules\Scheduling\SchoolManagement.Scheduling.Infrastructure\SchoolManagement.Scheduling.Infrastructure.csproj", "{D6325679-8E7A-4575-B487-2819F63BB548}"
EndProject
Project("{FAE04EC0-301F-11D3-BF4B-00C04F79EFBC}") = "SchoolManagement.Scheduling.API", "src\Modules\Scheduling\SchoolManagement.Scheduling.API\SchoolManagement.Scheduling.API.csproj", "{1FE2D971-3DE2-4BBF-8940-CD88D158D931}"
EndProject
Project("{2150E333-8FDC-42A3-9474-1A3956D46DE8}") = "Attendance", "Attendance", "{A3EAED29-4CBC-FD78-85FB-369C0DE60D96}"
EndProject
Project("{FAE04EC0-301F-11D3-BF4B-00C04F79EFBC}") = "SchoolManagement.Attendance.Domain", "src\Modules\Attendance\SchoolManagement.Attendance.Domain\SchoolManagement.Attendance.Domain.csproj", "{7C27EC32-4A0D-437E-B654-F4EC492EFAA1}"
EndProject
Project("{FAE04EC0-301F-11D3-BF4B-00C04F79EFBC}") = "SchoolManagement.Attendance.Application", "src\Modules\Attendance\SchoolManagement.Attendance.Application\SchoolManagement.Attendance.Application.csproj", "{6FA65A08-0D18-4AEA-B6A4-60ED035F365C}"
EndProject
Project("{FAE04EC0-301F-11D3-BF4B-00C04F79EFBC}") = "SchoolManagement.Attendance.Infrastructure", "src\Modules\Attendance\SchoolManagement.Attendance.Infrastructure\SchoolManagement.Attendance.Infrastructure.csproj", "{1FAF0450-4DC3-4EB4-9B46-73B89A59D484}"
EndProject
Project("{FAE04EC0-301F-11D3-BF4B-00C04F79EFBC}") = "SchoolManagement.Attendance.API", "src\Modules\Attendance\SchoolManagement.Attendance.API\SchoolManagement.Attendance.API.csproj", "{31D416A0-828B-445F-8B23-8B578E3DC0E6}"
EndProject
Project("{2150E333-8FDC-42A3-9474-1A3956D46DE8}") = "Academics", "Academics", "{279F0C51-C4C0-1B0C-B60D-0FF58E184B02}"
EndProject
Project("{FAE04EC0-301F-11D3-BF4B-00C04F79EFBC}") = "SchoolManagement.Academics.Domain", "src\Modules\Academics\SchoolManagement.Academics.Domain\SchoolManagement.Academics.Domain.csproj", "{C5CC162F-223C-4AA2-8985-0639E6CBEE77}"
EndProject
Project("{FAE04EC0-301F-11D3-BF4B-00C04F79EFBC}") = "SchoolManagement.Academics.Application", "src\Modules\Academics\SchoolManagement.Academics.Application\SchoolManagement.Academics.Application.csproj", "{0A3BD3CB-7ED0-4187-B5B4-9950AAF4B5D7}"
EndProject
Project("{FAE04EC0-301F-11D3-BF4B-00C04F79EFBC}") = "SchoolManagement.Academics.Infrastructure", "src\Modules\Academics\SchoolManagement.Academics.Infrastructure\SchoolManagement.Academics.Infrastructure.csproj", "{D2F18390-1864-49EC-8A4F-325DBA5560B6}"
EndProject
Project("{FAE04EC0-301F-11D3-BF4B-00C04F79EFBC}") = "SchoolManagement.Academics.API", "src\Modules\Academics\SchoolManagement.Academics.API\SchoolManagement.Academics.API.csproj", "{9344950E-2899-4BC2-8C38-1D2CFEF8F6A3}"
EndProject
Project("{2150E333-8FDC-42A3-9474-1A3956D46DE8}") = "SchoolYear", "SchoolYear", "{01E44014-FC26-7901-D6E3-ACFECEEFC90D}"
EndProject
Project("{FAE04EC0-301F-11D3-BF4B-00C04F79EFBC}") = "SchoolManagement.SchoolYear.Domain", "src\Modules\SchoolYear\SchoolManagement.SchoolYear.Domain\SchoolManagement.SchoolYear.Domain.csproj", "{2D58FD59-C99C-40E5-BAF7-AD0609FFF1D0}"
EndProject
Project("{FAE04EC0-301F-11D3-BF4B-00C04F79EFBC}") = "SchoolManagement.SchoolYear.Application", "src\Modules\SchoolYear\SchoolManagement.SchoolYear.Application\SchoolManagement.SchoolYear.Application.csproj", "{1AE1A66D-19EA-488E-BF33-618427AC4DEB}"
EndProject
Project("{FAE04EC0-301F-11D3-BF4B-00C04F79EFBC}") = "SchoolManagement.SchoolYear.Infrastructure", "src\Modules\SchoolYear\SchoolManagement.SchoolYear.Infrastructure\SchoolManagement.SchoolYear.Infrastructure.csproj", "{539E4B97-8E4B-4C9F-A51F-E598624C7CDC}"
EndProject
Project("{FAE04EC0-301F-11D3-BF4B-00C04F79EFBC}") = "SchoolManagement.SchoolYear.API", "src\Modules\SchoolYear\SchoolManagement.SchoolYear.API\SchoolManagement.SchoolYear.API.csproj", "{C73CE05F-B584-4B22-9389-103A04E081D3}"
EndProject
Global
	GlobalSection(SolutionConfigurationPlatforms) = preSolution
		Debug|Any CPU = Debug|Any CPU
		Debug|x64 = Debug|x64
		Debug|x86 = Debug|x86
		Release|Any CPU = Release|Any CPU
		Release|x64 = Release|x64
		Release|x86 = Release|x86
	EndGlobalSection
	GlobalSection(ProjectConfigurationPlatforms) = postSolution
		{0F8AFE42-DE24-41DD-897E-F800532A223C}.Debug|Any CPU.ActiveCfg = Debug|Any CPU
		{0F8AFE42-DE24-41DD-897E-F800532A223C}.Debug|Any CPU.Build.0 = Debug|Any CPU
		{0F8AFE42-DE24-41DD-897E-F800532A223C}.Debug|x64.ActiveCfg = Debug|Any CPU
		{0F8AFE42-DE24-41DD-897E-F800532A223C}.Debug|x64.Build.0 = Debug|Any CPU
		{0F8AFE42-DE24-41DD-897E-F800532A223C}.Debug|x86.ActiveCfg = Debug|Any CPU
		{0F8AFE42-DE24-41DD-897E-F800532A223C}.Debug|x86.Build.0 = Debug|Any CPU
		{0F8AFE42-DE24-41DD-897E-F800532A223C}.Release|Any CPU.ActiveCfg = Release|Any CPU
		{0F8AFE42-DE24-41DD-897E-F800532A223C}.Release|Any CPU.Build.0 = Release|Any CPU
		{0F8AFE42-DE24-41DD-897E-F800532A223C}.Release|x64.ActiveCfg = Release|Any CPU
		{0F8AFE42-DE24-41DD-897E-F800532A223C}.Release|x64.Build.0 = Release|Any CPU
		{0F8AFE42-DE24-41DD-897E-F800532A223C}.Release|x86.ActiveCfg = Release|Any CPU
		{0F8AFE42-DE24-41DD-897E-F800532A223C}.Release|x86.Build.0 = Release|Any CPU
		{CE4B10C9-412B-434B-92AF-8C44A254074C}.Debug|Any CPU.ActiveCfg = Debug|Any CPU
		{CE4B10C9-412B-434B-92AF-8C44A254074C}.Debug|Any CPU.Build.0 = Debug|Any CPU
		{CE4B10C9-412B-434B-92AF-8C44A254074C}.Debug|x64.ActiveCfg = Debug|Any CPU
		{CE4B10C9-412B-434B-92AF-8C44A254074C}.Debug|x64.Build.0 = Debug|Any CPU
		{CE4B10C9-412B-434B-92AF-8C44A254074C}.Debug|x86.ActiveCfg = Debug|Any CPU
		{CE4B10C9-412B-434B-92AF-8C44A254074C}.Debug|x86.Build.0 = Debug|Any CPU
		{CE4B10C9-412B-434B-92AF-8C44A254074C}.Release|Any CPU.ActiveCfg = Release|Any CPU
		{CE4B10C9-412B-434B-92AF-8C44A254074C}.Release|Any CPU.Build.0 = Release|Any CPU
		{CE4B10C9-412B-434B-92AF-8C44A254074C}.Release|x64.ActiveCfg = Release|Any CPU
		{CE4B10C9-412B-434B-92AF-8C44A254074C}.Release|x64.Build.0 = Release|Any CPU
		{CE4B10C9-412B-434B-92AF-8C44A254074C}.Release|x86.ActiveCfg = Release|Any CPU
		{CE4B10C9-412B-434B-92AF-8C44A254074C}.Release|x86.Build.0 = Release|Any CPU
		{D80F70E9-5077-4FF2-8EFB-2C92E8F05880}.Debug|Any CPU.ActiveCfg = Debug|Any CPU
		{D80F70E9-5077-4FF2-8EFB-2C92E8F05880}.Debug|Any CPU.Build.0 = Debug|Any CPU
		{D80F70E9-5077-4FF2-8EFB-2C92E8F05880}.Debug|x64.ActiveCfg = Debug|Any CPU
		{D80F70E9-5077-4FF2-8EFB-2C92E8F05880}.Debug|x64.Build.0 = Debug|Any CPU
		{D80F70E9-5077-4FF2-8EFB-2C92E8F05880}.Debug|x86.ActiveCfg = Debug|Any CPU
		{D80F70E9-5077-4FF2-8EFB-2C92E8F05880}.Debug|x86.Build.0 = Debug|Any CPU
		{D80F70E9-5077-4FF2-8EFB-2C92E8F05880}.Release|Any CPU.ActiveCfg = Release|Any CPU
		{D80F70E9-5077-4FF2-8EFB-2C92E8F05880}.Release|Any CPU.Build.0 = Release|Any CPU
		{D80F70E9-5077-4FF2-8EFB-2C92E8F05880}.Release|x64.ActiveCfg = Release|Any CPU
		{D80F70E9-5077-4FF2-8EFB-2C92E8F05880}.Release|x64.Build.0 = Release|Any CPU
		{D80F70E9-5077-4FF2-8EFB-2C92E8F05880}.Release|x86.ActiveCfg = Release|Any CPU
		{D80F70E9-5077-4FF2-8EFB-2C92E8F05880}.Release|x86.Build.0 = Release|Any CPU
		{8D2DA206-637A-4211-978D-03FA714508D5}.Debug|Any CPU.ActiveCfg = Debug|Any CPU
		{8D2DA206-637A-4211-978D-03FA714508D5}.Debug|Any CPU.Build.0 = Debug|Any CPU
		{8D2DA206-637A-4211-978D-03FA714508D5}.Debug|x64.ActiveCfg = Debug|Any CPU
		{8D2DA206-637A-4211-978D-03FA714508D5}.Debug|x64.Build.0 = Debug|Any CPU
		{8D2DA206-637A-4211-978D-03FA714508D5}.Debug|x86.ActiveCfg = Debug|Any CPU
		{8D2DA206-637A-4211-978D-03FA714508D5}.Debug|x86.Build.0 = Debug|Any CPU
		{8D2DA206-637A-4211-978D-03FA714508D5}.Release|Any CPU.ActiveCfg = Release|Any CPU
		{8D2DA206-637A-4211-978D-03FA714508D5}.Release|Any CPU.Build.0 = Release|Any CPU
		{8D2DA206-637A-4211-978D-03FA714508D5}.Release|x64.ActiveCfg = Release|Any CPU
		{8D2DA206-637A-4211-978D-03FA714508D5}.Release|x64.Build.0 = Release|Any CPU
		{8D2DA206-637A-4211-978D-03FA714508D5}.Release|x86.ActiveCfg = Release|Any CPU
		{8D2DA206-637A-4211-978D-03FA714508D5}.Release|x86.Build.0 = Release|Any CPU
		{D397BAF5-FA3D-496D-9397-D3F2825E3221}.Debug|Any CPU.ActiveCfg = Debug|Any CPU
		{D397BAF5-FA3D-496D-9397-D3F2825E3221}.Debug|Any CPU.Build.0 = Debug|Any CPU
		{D397BAF5-FA3D-496D-9397-D3F2825E3221}.Debug|x64.ActiveCfg = Debug|Any CPU
		{D397BAF5-FA3D-496D-9397-D3F2825E3221}.Debug|x64.Build.0 = Debug|Any CPU
		{D397BAF5-FA3D-496D-9397-D3F2825E3221}.Debug|x86.ActiveCfg = Debug|Any CPU
		{D397BAF5-FA3D-496D-9397-D3F2825E3221}.Debug|x86.Build.0 = Debug|Any CPU
		{D397BAF5-FA3D-496D-9397-D3F2825E3221}.Release|Any CPU.ActiveCfg = Release|Any CPU
		{D397BAF5-FA3D-496D-9397-D3F2825E3221}.Release|Any CPU.Build.0 = Release|Any CPU
		{D397BAF5-FA3D-496D-9397-D3F2825E3221}.Release|x64.ActiveCfg = Release|Any CPU
		{D397BAF5-FA3D-496D-9397-D3F2825E3221}.Release|x64.Build.0 = Release|Any CPU
		{D397BAF5-FA3D-496D-9397-D3F2825E3221}.Release|x86.ActiveCfg = Release|Any CPU
		{D397BAF5-FA3D-496D-9397-D3F2825E3221}.Release|x86.Build.0 = Release|Any CPU
		{82F1464C-5A12-4800-A036-2DFFD3D8074E}.Debug|Any CPU.ActiveCfg = Debug|Any CPU
		{82F1464C-5A12-4800-A036-2DFFD3D8074E}.Debug|Any CPU.Build.0 = Debug|Any CPU
		{82F1464C-5A12-4800-A036-2DFFD3D8074E}.Debug|x64.ActiveCfg = Debug|Any CPU
		{82F1464C-5A12-4800-A036-2DFFD3D8074E}.Debug|x64.Build.0 = Debug|Any CPU
		{82F1464C-5A12-4800-A036-2DFFD3D8074E}.Debug|x86.ActiveCfg = Debug|Any CPU
		{82F1464C-5A12-4800-A036-2DFFD3D8074E}.Debug|x86.Build.0 = Debug|Any CPU
		{82F1464C-5A12-4800-A036-2DFFD3D8074E}.Release|Any CPU.ActiveCfg = Release|Any CPU
		{82F1464C-5A12-4800-A036-2DFFD3D8074E}.Release|Any CPU.Build.0 = Release|Any CPU
		{82F1464C-5A12-4800-A036-2DFFD3D8074E}.Release|x64.ActiveCfg = Release|Any CPU
		{82F1464C-5A12-4800-A036-2DFFD3D8074E}.Release|x64.Build.0 = Release|Any CPU
		{82F1464C-5A12-4800-A036-2DFFD3D8074E}.Release|x86.ActiveCfg = Release|Any CPU
		{82F1464C-5A12-4800-A036-2DFFD3D8074E}.Release|x86.Build.0 = Release|Any CPU
		{EFC5DC87-A0D2-45B8-AA53-460AD5445CD3}.Debug|Any CPU.ActiveCfg = Debug|Any CPU
		{EFC5DC87-A0D2-45B8-AA53-460AD5445CD3}.Debug|Any CPU.Build.0 = Debug|Any CPU
		{EFC5DC87-A0D2-45B8-AA53-460AD5445CD3}.Debug|x64.ActiveCfg = Debug|Any CPU
		{EFC5DC87-A0D2-45B8-AA53-460AD5445CD3}.Debug|x64.Build.0 = Debug|Any CPU
		{EFC5DC87-A0D2-45B8-AA53-460AD5445CD3}.Debug|x86.ActiveCfg = Debug|Any CPU
		{EFC5DC87-A0D2-45B8-AA53-460AD5445CD3}.Debug|x86.Build.0 = Debug|Any CPU
		{EFC5DC87-A0D2-45B8-AA53-460AD5445CD3}.Release|Any CPU.ActiveCfg = Release|Any CPU
		{EFC5DC87-A0D2-45B8-AA53-460AD5445CD3}.Release|Any CPU.Build.0 = Release|Any CPU
		{EFC5DC87-A0D2-45B8-AA53-460AD5445CD3}.Release|x64.ActiveCfg = Release|Any CPU
		{EFC5DC87-A0D2-45B8-AA53-460AD5445CD3}.Release|x64.Build.0 = Release|Any CPU
		{EFC5DC87-A0D2-45B8-AA53-460AD5445CD3}.Release|x86.ActiveCfg = Release|Any CPU
		{EFC5DC87-A0D2-45B8-AA53-460AD5445CD3}.Release|x86.Build.0 = Release|Any CPU
		{D8099B91-67D0-4D55-B9FD-441AFC91A73A}.Debug|Any CPU.ActiveCfg = Debug|Any CPU
		{D8099B91-67D0-4D55-B9FD-441AFC91A73A}.Debug|Any CPU.Build.0 = Debug|Any CPU
		{D8099B91-67D0-4D55-B9FD-441AFC91A73A}.Debug|x64.ActiveCfg = Debug|Any CPU
		{D8099B91-67D0-4D55-B9FD-441AFC91A73A}.Debug|x64.Build.0 = Debug|Any CPU
		{D8099B91-67D0-4D55-B9FD-441AFC91A73A}.Debug|x86.ActiveCfg = Debug|Any CPU
		{D8099B91-67D0-4D55-B9FD-441AFC91A73A}.Debug|x86.Build.0 = Debug|Any CPU
		{D8099B91-67D0-4D55-B9FD-441AFC91A73A}.Release|Any CPU.ActiveCfg = Release|Any CPU
		{D8099B91-67D0-4D55-B9FD-441AFC91A73A}.Release|Any CPU.Build.0 = Release|Any CPU
		{D8099B91-67D0-4D55-B9FD-441AFC91A73A}.Release|x64.ActiveCfg = Release|Any CPU
		{D8099B91-67D0-4D55-B9FD-441AFC91A73A}.Release|x64.Build.0 = Release|Any CPU
		{D8099B91-67D0-4D55-B9FD-441AFC91A73A}.Release|x86.ActiveCfg = Release|Any CPU
		{D8099B91-67D0-4D55-B9FD-441AFC91A73A}.Release|x86.Build.0 = Release|Any CPU
		{D6325679-8E7A-4575-B487-2819F63BB548}.Debug|Any CPU.ActiveCfg = Debug|Any CPU
		{D6325679-8E7A-4575-B487-2819F63BB548}.Debug|Any CPU.Build.0 = Debug|Any CPU
		{D6325679-8E7A-4575-B487-2819F63BB548}.Debug|x64.ActiveCfg = Debug|Any CPU
		{D6325679-8E7A-4575-B487-2819F63BB548}.Debug|x64.Build.0 = Debug|Any CPU
		{D6325679-8E7A-4575-B487-2819F63BB548}.Debug|x86.ActiveCfg = Debug|Any CPU
		{D6325679-8E7A-4575-B487-2819F63BB548}.Debug|x86.Build.0 = Debug|Any CPU
		{D6325679-8E7A-4575-B487-2819F63BB548}.Release|Any CPU.ActiveCfg = Release|Any CPU
		{D6325679-8E7A-4575-B487-2819F63BB548}.Release|Any CPU.Build.0 = Release|Any CPU
		{D6325679-8E7A-4575-B487-2819F63BB548}.Release|x64.ActiveCfg = Release|Any CPU
		{D6325679-8E7A-4575-B487-2819F63BB548}.Release|x64.Build.0 = Release|Any CPU
		{D6325679-8E7A-4575-B487-2819F63BB548}.Release|x86.ActiveCfg = Release|Any CPU
		{D6325679-8E7A-4575-B487-2819F63BB548}.Release|x86.Build.0 = Release|Any CPU
		{1FE2D971-3DE2-4BBF-8940-CD88D158D931}.Debug|Any CPU.ActiveCfg = Debug|Any CPU
		{1FE2D971-3DE2-4BBF-8940-CD88D158D931}.Debug|Any CPU.Build.0 = Debug|Any CPU
		{1FE2D971-3DE2-4BBF-8940-CD88D158D931}.Debug|x64.ActiveCfg = Debug|Any CPU
		{1FE2D971-3DE2-4BBF-8940-CD88D158D931}.Debug|x64.Build.0 = Debug|Any CPU
		{1FE2D971-3DE2-4BBF-8940-CD88D158D931}.Debug|x86.ActiveCfg = Debug|Any CPU
		{1FE2D971-3DE2-4BBF-8940-CD88D158D931}.Debug|x86.Build.0 = Debug|Any CPU
		{1FE2D971-3DE2-4BBF-8940-CD88D158D931}.Release|Any CPU.ActiveCfg = Release|Any CPU
		{1FE2D971-3DE2-4BBF-8940-CD88D158D931}.Release|Any CPU.Build.0 = Release|Any CPU
		{1FE2D971-3DE2-4BBF-8940-CD88D158D931}.Release|x64.ActiveCfg = Release|Any CPU
		{1FE2D971-3DE2-4BBF-8940-CD88D158D931}.Release|x64.Build.0 = Release|Any CPU
		{1FE2D971-3DE2-4BBF-8940-CD88D158D931}.Release|x86.ActiveCfg = Release|Any CPU
		{1FE2D971-3DE2-4BBF-8940-CD88D158D931}.Release|x86.Build.0 = Release|Any CPU
		{7C27EC32-4A0D-437E-B654-F4EC492EFAA1}.Debug|Any CPU.ActiveCfg = Debug|Any CPU
		{7C27EC32-4A0D-437E-B654-F4EC492EFAA1}.Debug|Any CPU.Build.0 = Debug|Any CPU
		{7C27EC32-4A0D-437E-B654-F4EC492EFAA1}.Debug|x64.ActiveCfg = Debug|Any CPU
		{7C27EC32-4A0D-437E-B654-F4EC492EFAA1}.Debug|x64.Build.0 = Debug|Any CPU
		{7C27EC32-4A0D-437E-B654-F4EC492EFAA1}.Debug|x86.ActiveCfg = Debug|Any CPU
		{7C27EC32-4A0D-437E-B654-F4EC492EFAA1}.Debug|x86.Build.0 = Debug|Any CPU
		{7C27EC32-4A0D-437E-B654-F4EC492EFAA1}.Release|Any CPU.ActiveCfg = Release|Any CPU
		{7C27EC32-4A0D-437E-B654-F4EC492EFAA1}.Release|Any CPU.Build.0 = Release|Any CPU
		{7C27EC32-4A0D-437E-B654-F4EC492EFAA1}.Release|x64.ActiveCfg = Release|Any CPU
		{7C27EC32-4A0D-437E-B654-F4EC492EFAA1}.Release|x64.Build.0 = Release|Any CPU
		{7C27EC32-4A0D-437E-B654-F4EC492EFAA1}.Release|x86.ActiveCfg = Release|Any CPU
		{7C27EC32-4A0D-437E-B654-F4EC492EFAA1}.Release|x86.Build.0 = Release|Any CPU
		{6FA65A08-0D18-4AEA-B6A4-60ED035F365C}.Debug|Any CPU.ActiveCfg = Debug|Any CPU
		{6FA65A08-0D18-4AEA-B6A4-60ED035F365C}.Debug|Any CPU.Build.0 = Debug|Any CPU
		{6FA65A08-0D18-4AEA-B6A4-60ED035F365C}.Debug|x64.ActiveCfg = Debug|Any CPU
		{6FA65A08-0D18-4AEA-B6A4-60ED035F365C}.Debug|x64.Build.0 = Debug|Any CPU
		{6FA65A08-0D18-4AEA-B6A4-60ED035F365C}.Debug|x86.ActiveCfg = Debug|Any CPU
		{6FA65A08-0D18-4AEA-B6A4-60ED035F365C}.Debug|x86.Build.0 = Debug|Any CPU
		{6FA65A08-0D18-4AEA-B6A4-60ED035F365C}.Release|Any CPU.ActiveCfg = Release|Any CPU
		{6FA65A08-0D18-4AEA-B6A4-60ED035F365C}.Release|Any CPU.Build.0 = Release|Any CPU
		{6FA65A08-0D18-4AEA-B6A4-60ED035F365C}.Release|x64.ActiveCfg = Release|Any CPU
		{6FA65A08-0D18-4AEA-B6A4-60ED035F365C}.Release|x64.Build.0 = Release|Any CPU
		{6FA65A08-0D18-4AEA-B6A4-60ED035F365C}.Release|x86.ActiveCfg = Release|Any CPU
		{6FA65A08-0D18-4AEA-B6A4-60ED035F365C}.Release|x86.Build.0 = Release|Any CPU
		{1FAF0450-4DC3-4EB4-9B46-73B89A59D484}.Debug|Any CPU.ActiveCfg = Debug|Any CPU
		{1FAF0450-4DC3-4EB4-9B46-73B89A59D484}.Debug|Any CPU.Build.0 = Debug|Any CPU
		{1FAF0450-4DC3-4EB4-9B46-73B89A59D484}.Debug|x64.ActiveCfg = Debug|Any CPU
		{1FAF0450-4DC3-4EB4-9B46-73B89A59D484}.Debug|x64.Build.0 = Debug|Any CPU
		{1FAF0450-4DC3-4EB4-9B46-73B89A59D484}.Debug|x86.ActiveCfg = Debug|Any CPU
		{1FAF0450-4DC3-4EB4-9B46-73B89A59D484}.Debug|x86.Build.0 = Debug|Any CPU
		{1FAF0450-4DC3-4EB4-9B46-73B89A59D484}.Release|Any CPU.ActiveCfg = Release|Any CPU
		{1FAF0450-4DC3-4EB4-9B46-73B89A59D484}.Release|Any CPU.Build.0 = Release|Any CPU
		{1FAF0450-4DC3-4EB4-9B46-73B89A59D484}.Release|x64.ActiveCfg = Release|Any CPU
		{1FAF0450-4DC3-4EB4-9B46-73B89A59D484}.Release|x64.Build.0 = Release|Any CPU
		{1FAF0450-4DC3-4EB4-9B46-73B89A59D484}.Release|x86.ActiveCfg = Release|Any CPU
		{1FAF0450-4DC3-4EB4-9B46-73B89A59D484}.Release|x86.Build.0 = Release|Any CPU
		{31D416A0-828B-445F-8B23-8B578E3DC0E6}.Debug|Any CPU.ActiveCfg = Debug|Any CPU
		{31D416A0-828B-445F-8B23-8B578E3DC0E6}.Debug|Any CPU.Build.0 = Debug|Any CPU
		{31D416A0-828B-445F-8B23-8B578E3DC0E6}.Debug|x64.ActiveCfg = Debug|Any CPU
		{31D416A0-828B-445F-8B23-8B578E3DC0E6}.Debug|x64.Build.0 = Debug|Any CPU
		{31D416A0-828B-445F-8B23-8B578E3DC0E6}.Debug|x86.ActiveCfg = Debug|Any CPU
		{31D416A0-828B-445F-8B23-8B578E3DC0E6}.Debug|x86.Build.0 = Debug|Any CPU
		{31D416A0-828B-445F-8B23-8B578E3DC0E6}.Release|Any CPU.ActiveCfg = Release|Any CPU
		{31D416A0-828B-445F-8B23-8B578E3DC0E6}.Release|Any CPU.Build.0 = Release|Any CPU
		{31D416A0-828B-445F-8B23-8B578E3DC0E6}.Release|x64.ActiveCfg = Release|Any CPU
		{31D416A0-828B-445F-8B23-8B578E3DC0E6}.Release|x64.Build.0 = Release|Any CPU
		{31D416A0-828B-445F-8B23-8B578E3DC0E6}.Release|x86.ActiveCfg = Release|Any CPU
		{31D416A0-828B-445F-8B23-8B578E3DC0E6}.Release|x86.Build.0 = Release|Any CPU
		{C5CC162F-223C-4AA2-8985-0639E6CBEE77}.Debug|Any CPU.ActiveCfg = Debug|Any CPU
		{C5CC162F-223C-4AA2-8985-0639E6CBEE77}.Debug|Any CPU.Build.0 = Debug|Any CPU
		{C5CC162F-223C-4AA2-8985-0639E6CBEE77}.Debug|x64.ActiveCfg = Debug|Any CPU
		{C5CC162F-223C-4AA2-8985-0639E6CBEE77}.Debug|x64.Build.0 = Debug|Any CPU
		{C5CC162F-223C-4AA2-8985-0639E6CBEE77}.Debug|x86.ActiveCfg = Debug|Any CPU
		{C5CC162F-223C-4AA2-8985-0639E6CBEE77}.Debug|x86.Build.0 = Debug|Any CPU
		{C5CC162F-223C-4AA2-8985-0639E6CBEE77}.Release|Any CPU.ActiveCfg = Release|Any CPU
		{C5CC162F-223C-4AA2-8985-0639E6CBEE77}.Release|Any CPU.Build.0 = Release|Any CPU
		{C5CC162F-223C-4AA2-8985-0639E6CBEE77}.Release|x64.ActiveCfg = Release|Any CPU
		{C5CC162F-223C-4AA2-8985-0639E6CBEE77}.Release|x64.Build.0 = Release|Any CPU
		{C5CC162F-223C-4AA2-8985-0639E6CBEE77}.Release|x86.ActiveCfg = Release|Any CPU
		{C5CC162F-223C-4AA2-8985-0639E6CBEE77}.Release|x86.Build.0 = Release|Any CPU
		{0A3BD3CB-7ED0-4187-B5B4-9950AAF4B5D7}.Debug|Any CPU.ActiveCfg = Debug|Any CPU
		{0A3BD3CB-7ED0-4187-B5B4-9950AAF4B5D7}.Debug|Any CPU.Build.0 = Debug|Any CPU
		{0A3BD3CB-7ED0-4187-B5B4-9950AAF4B5D7}.Debug|x64.ActiveCfg = Debug|Any CPU
		{0A3BD3CB-7ED0-4187-B5B4-9950AAF4B5D7}.Debug|x64.Build.0 = Debug|Any CPU
		{0A3BD3CB-7ED0-4187-B5B4-9950AAF4B5D7}.Debug|x86.ActiveCfg = Debug|Any CPU
		{0A3BD3CB-7ED0-4187-B5B4-9950AAF4B5D7}.Debug|x86.Build.0 = Debug|Any CPU
		{0A3BD3CB-7ED0-4187-B5B4-9950AAF4B5D7}.Release|Any CPU.ActiveCfg = Release|Any CPU
		{0A3BD3CB-7ED0-4187-B5B4-9950AAF4B5D7}.Release|Any CPU.Build.0 = Release|Any CPU
		{0A3BD3CB-7ED0-4187-B5B4-9950AAF4B5D7}.Release|x64.ActiveCfg = Release|Any CPU
		{0A3BD3CB-7ED0-4187-B5B4-9950AAF4B5D7}.Release|x64.Build.0 = Release|Any CPU
		{0A3BD3CB-7ED0-4187-B5B4-9950AAF4B5D7}.Release|x86.ActiveCfg = Release|Any CPU
		{0A3BD3CB-7ED0-4187-B5B4-9950AAF4B5D7}.Release|x86.Build.0 = Release|Any CPU
		{D2F18390-1864-49EC-8A4F-325DBA5560B6}.Debug|Any CPU.ActiveCfg = Debug|Any CPU
		{D2F18390-1864-49EC-8A4F-325DBA5560B6}.Debug|Any CPU.Build.0 = Debug|Any CPU
		{D2F18390-1864-49EC-8A4F-325DBA5560B6}.Debug|x64.ActiveCfg = Debug|Any CPU
		{D2F18390-1864-49EC-8A4F-325DBA5560B6}.Debug|x64.Build.0 = Debug|Any CPU
		{D2F18390-1864-49EC-8A4F-325DBA5560B6}.Debug|x86.ActiveCfg = Debug|Any CPU
		{D2F18390-1864-49EC-8A4F-325DBA5560B6}.Debug|x86.Build.0 = Debug|Any CPU
		{D2F18390-1864-49EC-8A4F-325DBA5560B6}.Release|Any CPU.ActiveCfg = Release|Any CPU
		{D2F18390-1864-49EC-8A4F-325DBA5560B6}.Release|Any CPU.Build.0 = Release|Any CPU
		{D2F18390-1864-49EC-8A4F-325DBA5560B6}.Release|x64.ActiveCfg = Release|Any CPU
		{D2F18390-1864-49EC-8A4F-325DBA5560B6}.Release|x64.Build.0 = Release|Any CPU
		{D2F18390-1864-49EC-8A4F-325DBA5560B6}.Release|x86.ActiveCfg = Release|Any CPU
		{D2F18390-1864-49EC-8A4F-325DBA5560B6}.Release|x86.Build.0 = Release|Any CPU
		{9344950E-2899-4BC2-8C38-1D2CFEF8F6A3}.Debug|Any CPU.ActiveCfg = Debug|Any CPU
		{9344950E-2899-4BC2-8C38-1D2CFEF8F6A3}.Debug|Any CPU.Build.0 = Debug|Any CPU
		{9344950E-2899-4BC2-8C38-1D2CFEF8F6A3}.Debug|x64.ActiveCfg = Debug|Any CPU
		{9344950E-2899-4BC2-8C38-1D2CFEF8F6A3}.Debug|x64.Build.0 = Debug|Any CPU
		{9344950E-2899-4BC2-8C38-1D2CFEF8F6A3}.Debug|x86.ActiveCfg = Debug|Any CPU
		{9344950E-2899-4BC2-8C38-1D2CFEF8F6A3}.Debug|x86.Build.0 = Debug|Any CPU
		{9344950E-2899-4BC2-8C38-1D2CFEF8F6A3}.Release|Any CPU.ActiveCfg = Release|Any CPU
		{9344950E-2899-4BC2-8C38-1D2CFEF8F6A3}.Release|Any CPU.Build.0 = Release|Any CPU
		{9344950E-2899-4BC2-8C38-1D2CFEF8F6A3}.Release|x64.ActiveCfg = Release|Any CPU
		{9344950E-2899-4BC2-8C38-1D2CFEF8F6A3}.Release|x64.Build.0 = Release|Any CPU
		{9344950E-2899-4BC2-8C38-1D2CFEF8F6A3}.Release|x86.ActiveCfg = Release|Any CPU
		{9344950E-2899-4BC2-8C38-1D2CFEF8F6A3}.Release|x86.Build.0 = Release|Any CPU
		{2D58FD59-C99C-40E5-BAF7-AD0609FFF1D0}.Debug|Any CPU.ActiveCfg = Debug|Any CPU
		{2D58FD59-C99C-40E5-BAF7-AD0609FFF1D0}.Debug|Any CPU.Build.0 = Debug|Any CPU
		{2D58FD59-C99C-40E5-BAF7-AD0609FFF1D0}.Debug|x64.ActiveCfg = Debug|Any CPU
		{2D58FD59-C99C-40E5-BAF7-AD0609FFF1D0}.Debug|x64.Build.0 = Debug|Any CPU
		{2D58FD59-C99C-40E5-BAF7-AD0609FFF1D0}.Debug|x86.ActiveCfg = Debug|Any CPU
		{2D58FD59-C99C-40E5-BAF7-AD0609FFF1D0}.Debug|x86.Build.0 = Debug|Any CPU
		{2D58FD59-C99C-40E5-BAF7-AD0609FFF1D0}.Release|Any CPU.ActiveCfg = Release|Any CPU
		{2D58FD59-C99C-40E5-BAF7-AD0609FFF1D0}.Release|Any CPU.Build.0 = Release|Any CPU
		{2D58FD59-C99C-40E5-BAF7-AD0609FFF1D0}.Release|x64.ActiveCfg = Release|Any CPU
		{2D58FD59-C99C-40E5-BAF7-AD0609FFF1D0}.Release|x64.Build.0 = Release|Any CPU
		{2D58FD59-C99C-40E5-BAF7-AD0609FFF1D0}.Release|x86.ActiveCfg = Release|Any CPU
		{2D58FD59-C99C-40E5-BAF7-AD0609FFF1D0}.Release|x86.Build.0 = Release|Any CPU
		{1AE1A66D-19EA-488E-BF33-618427AC4DEB}.Debug|Any CPU.ActiveCfg = Debug|Any CPU
		{1AE1A66D-19EA-488E-BF33-618427AC4DEB}.Debug|Any CPU.Build.0 = Debug|Any CPU
		{1AE1A66D-19EA-488E-BF33-618427AC4DEB}.Debug|x64.ActiveCfg = Debug|Any CPU
		{1AE1A66D-19EA-488E-BF33-618427AC4DEB}.Debug|x64.Build.0 = Debug|Any CPU
		{1AE1A66D-19EA-488E-BF33-618427AC4DEB}.Debug|x86.ActiveCfg = Debug|Any CPU
		{1AE1A66D-19EA-488E-BF33-618427AC4DEB}.Debug|x86.Build.0 = Debug|Any CPU
		{1AE1A66D-19EA-488E-BF33-618427AC4DEB}.Release|Any CPU.ActiveCfg = Release|Any CPU
		{1AE1A66D-19EA-488E-BF33-618427AC4DEB}.Release|Any CPU.Build.0 = Release|Any CPU
		{1AE1A66D-19EA-488E-BF33-618427AC4DEB}.Release|x64.ActiveCfg = Release|Any CPU
		{1AE1A66D-19EA-488E-BF33-618427AC4DEB}.Release|x64.Build.0 = Release|Any CPU
		{1AE1A66D-19EA-488E-BF33-618427AC4DEB}.Release|x86.ActiveCfg = Release|Any CPU
		{1AE1A66D-19EA-488E-BF33-618427AC4DEB}.Release|x86.Build.0 = Release|Any CPU
		{539E4B97-8E4B-4C9F-A51F-E598624C7CDC}.Debug|Any CPU.ActiveCfg = Debug|Any CPU
		{539E4B97-8E4B-4C9F-A51F-E598624C7CDC}.Debug|Any CPU.Build.0 = Debug|Any CPU
		{539E4B97-8E4B-4C9F-A51F-E598624C7CDC}.Debug|x64.ActiveCfg = Debug|Any CPU
		{539E4B97-8E4B-4C9F-A51F-E598624C7CDC}.Debug|x64.Build.0 = Debug|Any CPU
		{539E4B97-8E4B-4C9F-A51F-E598624C7CDC}.Debug|x86.ActiveCfg = Debug|Any CPU
		{539E4B97-8E4B-4C9F-A51F-E598624C7CDC}.Debug|x86.Build.0 = Debug|Any CPU
		{539E4B97-8E4B-4C9F-A51F-E598624C7CDC}.Release|Any CPU.ActiveCfg = Release|Any CPU
		{539E4B97-8E4B-4C9F-A51F-E598624C7CDC}.Release|Any CPU.Build.0 = Release|Any CPU
		{539E4B97-8E4B-4C9F-A51F-E598624C7CDC}.Release|x64.ActiveCfg = Release|Any CPU
		{539E4B97-8E4B-4C9F-A51F-E598624C7CDC}.Release|x64.Build.0 = Release|Any CPU
		{539E4B97-8E4B-4C9F-A51F-E598624C7CDC}.Release|x86.ActiveCfg = Release|Any CPU
		{539E4B97-8E4B-4C9F-A51F-E598624C7CDC}.Release|x86.Build.0 = Release|Any CPU
		{C73CE05F-B584-4B22-9389-103A04E081D3}.Debug|Any CPU.ActiveCfg = Debug|Any CPU
		{C73CE05F-B584-4B22-9389-103A04E081D3}.Debug|Any CPU.Build.0 = Debug|Any CPU
		{C73CE05F-B584-4B22-9389-103A04E081D3}.Debug|x64.ActiveCfg = Debug|Any CPU
		{C73CE05F-B584-4B22-9389-103A04E081D3}.Debug|x64.Build.0 = Debug|Any CPU
		{C73CE05F-B584-4B22-9389-103A04E081D3}.Debug|x86.ActiveCfg = Debug|Any CPU
		{C73CE05F-B584-4B22-9389-103A04E081D3}.Debug|x86.Build.0 = Debug|Any CPU
		{C73CE05F-B584-4B22-9389-103A04E081D3}.Release|Any CPU.ActiveCfg = Release|Any CPU
		{C73CE05F-B584-4B22-9389-103A04E081D3}.Release|Any CPU.Build.0 = Release|Any CPU
		{C73CE05F-B584-4B22-9389-103A04E081D3}.Release|x64.ActiveCfg = Release|Any CPU
		{C73CE05F-B584-4B22-9389-103A04E081D3}.Release|x64.Build.0 = Release|Any CPU
		{C73CE05F-B584-4B22-9389-103A04E081D3}.Release|x86.ActiveCfg = Release|Any CPU
		{C73CE05F-B584-4B22-9389-103A04E081D3}.Release|x86.Build.0 = Release|Any CPU
	EndGlobalSection
	GlobalSection(SolutionProperties) = preSolution
		HideSolutionNode = FALSE
	EndGlobalSection
	GlobalSection(NestedProjects) = preSolution
		{0F8AFE42-DE24-41DD-897E-F800532A223C} = {827E0CD3-B72D-47B6-A68D-7590B98EB39B}
		{CE4B10C9-412B-434B-92AF-8C44A254074C} = {827E0CD3-B72D-47B6-A68D-7590B98EB39B}
		{EC447DCF-ABFA-6E24-52A5-D7FD48A5C558} = {827E0CD3-B72D-47B6-A68D-7590B98EB39B}
		{0EC62A1A-9858-3A60-8A0C-FC9AACFA2EC7} = {EC447DCF-ABFA-6E24-52A5-D7FD48A5C558}
		{D80F70E9-5077-4FF2-8EFB-2C92E8F05880} = {0EC62A1A-9858-3A60-8A0C-FC9AACFA2EC7}
		{8D2DA206-637A-4211-978D-03FA714508D5} = {0EC62A1A-9858-3A60-8A0C-FC9AACFA2EC7}
		{D397BAF5-FA3D-496D-9397-D3F2825E3221} = {0EC62A1A-9858-3A60-8A0C-FC9AACFA2EC7}
		{82F1464C-5A12-4800-A036-2DFFD3D8074E} = {0EC62A1A-9858-3A60-8A0C-FC9AACFA2EC7}
		{F0F0C51C-F6A5-8ED5-E07B-23BB77F4B418} = {EC447DCF-ABFA-6E24-52A5-D7FD48A5C558}
		{EFC5DC87-A0D2-45B8-AA53-460AD5445CD3} = {F0F0C51C-F6A5-8ED5-E07B-23BB77F4B418}
		{D8099B91-67D0-4D55-B9FD-441AFC91A73A} = {F0F0C51C-F6A5-8ED5-E07B-23BB77F4B418}
		{D6325679-8E7A-4575-B487-2819F63BB548} = {F0F0C51C-F6A5-8ED5-E07B-23BB77F4B418}
		{1FE2D971-3DE2-4BBF-8940-CD88D158D931} = {F0F0C51C-F6A5-8ED5-E07B-23BB77F4B418}
		{A3EAED29-4CBC-FD78-85FB-369C0DE60D96} = {EC447DCF-ABFA-6E24-52A5-D7FD48A5C558}
		{7C27EC32-4A0D-437E-B654-F4EC492EFAA1} = {A3EAED29-4CBC-FD78-85FB-369C0DE60D96}
		{6FA65A08-0D18-4AEA-B6A4-60ED035F365C} = {A3EAED29-4CBC-FD78-85FB-369C0DE60D96}
		{1FAF0450-4DC3-4EB4-9B46-73B89A59D484} = {A3EAED29-4CBC-FD78-85FB-369C0DE60D96}
		{31D416A0-828B-445F-8B23-8B578E3DC0E6} = {A3EAED29-4CBC-FD78-85FB-369C0DE60D96}
		{279F0C51-C4C0-1B0C-B60D-0FF58E184B02} = {EC447DCF-ABFA-6E24-52A5-D7FD48A5C558}
		{C5CC162F-223C-4AA2-8985-0639E6CBEE77} = {279F0C51-C4C0-1B0C-B60D-0FF58E184B02}
		{0A3BD3CB-7ED0-4187-B5B4-9950AAF4B5D7} = {279F0C51-C4C0-1B0C-B60D-0FF58E184B02}
		{D2F18390-1864-49EC-8A4F-325DBA5560B6} = {279F0C51-C4C0-1B0C-B60D-0FF58E184B02}
		{9344950E-2899-4BC2-8C38-1D2CFEF8F6A3} = {279F0C51-C4C0-1B0C-B60D-0FF58E184B02}
		{01E44014-FC26-7901-D6E3-ACFECEEFC90D} = {EC447DCF-ABFA-6E24-52A5-D7FD48A5C558}
		{2D58FD59-C99C-40E5-BAF7-AD0609FFF1D0} = {01E44014-FC26-7901-D6E3-ACFECEEFC90D}
		{1AE1A66D-19EA-488E-BF33-618427AC4DEB} = {01E44014-FC26-7901-D6E3-ACFECEEFC90D}
		{539E4B97-8E4B-4C9F-A51F-E598624C7CDC} = {01E44014-FC26-7901-D6E3-ACFECEEFC90D}
		{C73CE05F-B584-4B22-9389-103A04E081D3} = {01E44014-FC26-7901-D6E3-ACFECEEFC90D}
	EndGlobalSection
EndGlobal
